
Microsoft Visual Studio Solution File, Format Version 12.00
# Visual Studio 2012
Project("{FAE04EC0-301F-11D3-BF4B-00C04F79EFBC}") = "Xma.Integration.Console", "Xma.Integration.Console\Xma.Integration.Console.csproj", "{D5D1727A-2F17-4072-8869-56ADA1047326}"
EndProject
Global
	GlobalSection(SolutionConfigurationPlatforms) = preSolution
		Debug|x86 = Debug|x86
		Release|x86 = Release|x86
	EndGlobalSection
	GlobalSection(ProjectConfigurationPlatforms) = postSolution
		{D5D1727A-2F17-4072-8869-56ADA1047326}.Debug|x86.ActiveCfg = Debug|x86
		{D5D1727A-2F17-4072-8869-56ADA1047326}.Debug|x86.Build.0 = Debug|x86
		{D5D1727A-2F17-4072-8869-56ADA1047326}.Release|x86.ActiveCfg = Release|x86
		{D5D1727A-2F17-4072-8869-56ADA1047326}.Release|x86.Build.0 = Release|x86
	EndGlobalSection
EndGlobal
